
Microsoft Visual Studio Solution File, Format Version 12.00
# Visual Studio 15
VisualStudioVersion = 15.0.27130.2003
MinimumVisualStudioVersion = 10.0.40219.1
Project("{8BC9CEB8-8B4A-11D0-8D11-00A0C91BC942}") = "ttydasm", "ttydasm\ttydasm.vcxproj", "{02697344-600B-4CC6-B8AE-36E63378E280}"
EndProject
Project("{8BC9CEB8-8B4A-11D0-8D11-00A0C91BC942}") = "elf2rel", "elf2rel\elf2rel.vcxproj", "{B5BB1531-4352-4B38-837C-C0139A45BDBA}"
EndProject
Global
	GlobalSection(SolutionConfigurationPlatforms) = preSolution
		Debug|x64 = Debug|x64
		Debug|x86 = Debug|x86
		Release|x64 = Release|x64
		Release|x86 = Release|x86
	EndGlobalSection
	GlobalSection(ProjectConfigurationPlatforms) = postSolution
		{02697344-600B-4CC6-B8AE-36E63378E280}.Debug|x64.ActiveCfg = Debug|x64
		{02697344-600B-4CC6-B8AE-36E63378E280}.Debug|x64.Build.0 = Debug|x64
		{02697344-600B-4CC6-B8AE-36E63378E280}.Debug|x86.ActiveCfg = Debug|Win32
		{02697344-600B-4CC6-B8AE-36E63378E280}.Debug|x86.Build.0 = Debug|Win32
		{02697344-600B-4CC6-B8AE-36E63378E280}.Release|x64.ActiveCfg = Release|x64
		{02697344-600B-4CC6-B8AE-36E63378E280}.Release|x64.Build.0 = Release|x64
		{02697344-600B-4CC6-B8AE-36E63378E280}.Release|x86.ActiveCfg = Release|Win32
		{02697344-600B-4CC6-B8AE-36E63378E280}.Release|x86.Build.0 = Release|Win32
		{B5BB1531-4352-4B38-837C-C0139A45BDBA}.Debug|x64.ActiveCfg = Debug|x64
		{B5BB1531-4352-4B38-837C-C0139A45BDBA}.Debug|x64.Build.0 = Debug|x64
		{B5BB1531-4352-4B38-837C-C0139A45BDBA}.Debug|x86.ActiveCfg = Debug|Win32
		{B5BB1531-4352-4B38-837C-C0139A45BDBA}.Debug|x86.Build.0 = Debug|Win32
		{B5BB1531-4352-4B38-837C-C0139A45BDBA}.Release|x64.ActiveCfg = Release|x64
		{B5BB1531-4352-4B38-837C-C0139A45BDBA}.Release|x64.Build.0 = Release|x64
		{B5BB1531-4352-4B38-837C-C0139A45BDBA}.Release|x86.ActiveCfg = Release|Win32
		{B5BB1531-4352-4B38-837C-C0139A45BDBA}.Release|x86.Build.0 = Release|Win32
	EndGlobalSection
	GlobalSection(SolutionProperties) = preSolution
		HideSolutionNode = FALSE
	EndGlobalSection
	GlobalSection(ExtensibilityGlobals) = postSolution
		SolutionGuid = {C5E81F0E-E446-4978-BD37-FF2C9F0989B4}
	EndGlobalSection
EndGlobal
